{
  "name": "client",
  "version": "1.0.0",
  "lockfileVersion": 1,
  "requires": true,
  "dependencies": {
    "python-shell": {
      "version": "2.0.1",
      "resolved": "https://registry.npmjs.org/python-shell/-/python-shell-2.0.1.tgz",
      "integrity": "sha512-Ys+SiCinY9JrldIJxGWd2AMQSQZLU7PFzrCWY7HTawZ73tIthFdlLLU1Y6Y40Hwdutc+TmfMe5TXNU73s07Xyg=="
    }
  }
}
